
Microsoft Visual Studio Solution File, Format Version 12.00
# Visual Studio Version 16
VisualStudioVersion = 16.0.31321.278
MinimumVisualStudioVersion = 10.0.40219.1
Project("{FAE04EC0-301F-11D3-BF4B-00C04F79EFBC}") = "DVD-A", "DVD-A\DVD-A.csproj", "{E09FF2C9-8CF3-4C0C-B522-F3B310A97ED9}"
EndProject
Global
	GlobalSection(SolutionConfigurationPlatforms) = preSolution
		Debug|Any CPU = Debug|Any CPU
		Release|Any CPU = Release|Any CPU
	EndGlobalSection
	GlobalSection(ProjectConfigurationPlatforms) = postSolution
		{E09FF2C9-8CF3-4C0C-B522-F3B310A97ED9}.Debug|Any CPU.ActiveCfg = Release|Any CPU
		{E09FF2C9-8CF3-4C0C-B522-F3B310A97ED9}.Debug|Any CPU.Build.0 = Release|Any CPU
		{E09FF2C9-8CF3-4C0C-B522-F3B310A97ED9}.Release|Any CPU.ActiveCfg = Release|Any CPU
		{E09FF2C9-8CF3-4C0C-B522-F3B310A97ED9}.Release|Any CPU.Build.0 = Release|Any CPU
	EndGlobalSection
	GlobalSection(SolutionProperties) = preSolution
		HideSolutionNode = FALSE
	EndGlobalSection
	GlobalSection(ExtensibilityGlobals) = postSolution
		SolutionGuid = {64F189F2-B3E4-4021-8909-9E0CAD89C33C}
	EndGlobalSection
EndGlobal
